
Microsoft Visual Studio Solution File, Format Version 12.00
# Visual Studio Version 16
VisualStudioVersion = 16.0.32228.343
MinimumVisualStudioVersion = 10.0.40219.1
Project("{F184B08F-C81C-45F6-A57F-5ABD9991F28F}") = "CAA", "CAA\CAA.vbproj", "{0E8CF424-9D6C-42BD-927F-649250166DE8}"
EndProject
Global
	GlobalSection(SolutionConfigurationPlatforms) = preSolution
		Debug|Any CPU = Debug|Any CPU
		Release|Any CPU = Release|Any CPU
	EndGlobalSection
	GlobalSection(ProjectConfigurationPlatforms) = postSolution
		{0E8CF424-9D6C-42BD-927F-649250166DE8}.Debug|Any CPU.ActiveCfg = Debug|Any CPU
		{0E8CF424-9D6C-42BD-927F-649250166DE8}.Debug|Any CPU.Build.0 = Debug|Any CPU
		{0E8CF424-9D6C-42BD-927F-649250166DE8}.Release|Any CPU.ActiveCfg = Release|Any CPU
		{0E8CF424-9D6C-42BD-927F-649250166DE8}.Release|Any CPU.Build.0 = Release|Any CPU
	EndGlobalSection
	GlobalSection(SolutionProperties) = preSolution
		HideSolutionNode = FALSE
	EndGlobalSection
	GlobalSection(ExtensibilityGlobals) = postSolution
		SolutionGuid = {EC73AA3C-A69B-432D-AB3E-BE68285C23C4}
	EndGlobalSection
EndGlobal
